{
  "name": "ember-table",
  "version": "2.2.0",
  "lockfileVersion": 1,
  "requires": true,
  "dependencies": {
    "cmdtest": {
      "version": "1.0.0",
      "resolved": "https://registry.npmjs.org/cmdtest/-/cmdtest-1.0.0.tgz",
      "integrity": "sha512-zXy0Vn+SASpmWzjX+EEI/P+VojrLcDiK8J5rha1iV9hgSDMOTTPLM/mtU+fAQiKrzL9PoeI9SMODVL2QWcw8BQ=="
    }
  }
}
